
Microsoft Visual Studio Solution File, Format Version 12.00
# Visual Studio Version 16
VisualStudioVersion = 16.0.31729.503
MinimumVisualStudioVersion = 10.0.40219.1
Project("{FAE04EC0-301F-11D3-BF4B-00C04F79EFBC}") = "Projeto2023_v2", "Projeto2023_v2\Projeto2023_v2.csproj", "{1D132C5C-CA30-4938-AC1F-CF0DB76BC4FC}"
EndProject
Project("{FAE04EC0-301F-11D3-BF4B-00C04F79EFBC}") = "Repositorio", "Repositorio\Repositorio.csproj", "{7D72DEB4-BE2D-4710-A4B2-4D42D56F4635}"
EndProject
Global
	GlobalSection(SolutionConfigurationPlatforms) = preSolution
		Debug|Any CPU = Debug|Any CPU
		Release|Any CPU = Release|Any CPU
	EndGlobalSection
	GlobalSection(ProjectConfigurationPlatforms) = postSolution
		{1D132C5C-CA30-4938-AC1F-CF0DB76BC4FC}.Debug|Any CPU.ActiveCfg = Debug|Any CPU
		{1D132C5C-CA30-4938-AC1F-CF0DB76BC4FC}.Debug|Any CPU.Build.0 = Debug|Any CPU
		{1D132C5C-CA30-4938-AC1F-CF0DB76BC4FC}.Release|Any CPU.ActiveCfg = Release|Any CPU
		{1D132C5C-CA30-4938-AC1F-CF0DB76BC4FC}.Release|Any CPU.Build.0 = Release|Any CPU
		{7D72DEB4-BE2D-4710-A4B2-4D42D56F4635}.Debug|Any CPU.ActiveCfg = Debug|Any CPU
		{7D72DEB4-BE2D-4710-A4B2-4D42D56F4635}.Debug|Any CPU.Build.0 = Debug|Any CPU
		{7D72DEB4-BE2D-4710-A4B2-4D42D56F4635}.Release|Any CPU.ActiveCfg = Release|Any CPU
		{7D72DEB4-BE2D-4710-A4B2-4D42D56F4635}.Release|Any CPU.Build.0 = Release|Any CPU
	EndGlobalSection
	GlobalSection(SolutionProperties) = preSolution
		HideSolutionNode = FALSE
	EndGlobalSection
	GlobalSection(ExtensibilityGlobals) = postSolution
		SolutionGuid = {EC561F79-412A-4EBE-918E-AAC5A3F5AD5C}
	EndGlobalSection
EndGlobal
